
Microsoft Visual Studio Solution File, Format Version 12.00
# Visual Studio Version 17
VisualStudioVersion = 17.7.34031.279
MinimumVisualStudioVersion = 10.0.40219.1
Project("{FAE04EC0-301F-11D3-BF4B-00C04F79EFBC}") = "OnlineJobPortal", "OnlineJobPortal\OnlineJobPortal.csproj", "{DB413F1A-24D1-44E4-92A1-B6E530DB2506}"
EndProject
Global
	GlobalSection(SolutionConfigurationPlatforms) = preSolution
		Debug|Any CPU = Debug|Any CPU
		Release|Any CPU = Release|Any CPU
	EndGlobalSection
	GlobalSection(ProjectConfigurationPlatforms) = postSolution
		{DB413F1A-24D1-44E4-92A1-B6E530DB2506}.Debug|Any CPU.ActiveCfg = Debug|Any CPU
		{DB413F1A-24D1-44E4-92A1-B6E530DB2506}.Debug|Any CPU.Build.0 = Debug|Any CPU
		{DB413F1A-24D1-44E4-92A1-B6E530DB2506}.Release|Any CPU.ActiveCfg = Release|Any CPU
		{DB413F1A-24D1-44E4-92A1-B6E530DB2506}.Release|Any CPU.Build.0 = Release|Any CPU
	EndGlobalSection
	GlobalSection(SolutionProperties) = preSolution
		HideSolutionNode = FALSE
	EndGlobalSection
	GlobalSection(ExtensibilityGlobals) = postSolution
		SolutionGuid = {050D13F6-A54E-4972-AD59-91DCFE6066DB}
	EndGlobalSection
EndGlobal
